// !$*UTF8*$!
{
	archiveVersion = 1;
	classes = {
	};
	objectVersion = 77;
	objects = {

/* Begin PBXContainerItemProxy section */
		441367A52D4E9B7A00718268 /* PBXContainerItemProxy */ = {
			isa = PBXContainerItemProxy;
			containerPortal = 4413678C2D4E9B7800718268 /* Project object */;
			proxyType = 1;
			remoteGlobalIDString = 441367932D4E9B7800718268;
			remoteInfo = scoreboard;
		};
		441367AF2D4E9B7A00718268 /* PBXContainerItemProxy */ = {
			isa = PBXContainerItemProxy;
			containerPortal = 4413678C2D4E9B7800718268 /* Project object */;
			proxyType = 1;
			remoteGlobalIDString = 441367932D4E9B7800718268;
			remoteInfo = scoreboard;
		};
/* End PBXContainerItemProxy section */

/* Begin PBXFileReference section */
		441367942D4E9B7800718268 /* Scoreboard ∞.app */ = {isa = PBXFileReference; explicitFileType = wrapper.application; includeInIndex = 0; path = "Scoreboard ∞.app"; sourceTree = BUILT_PRODUCTS_DIR; };
		441367A42D4E9B7A00718268 /* Scoreboard ∞Tests.xctest */ = {isa = PBXFileReference; explicitFileType = wrapper.cfbundle; includeInIndex = 0; path = "Scoreboard ∞Tests.xctest"; sourceTree = BUILT_PRODUCTS_DIR; };
		441367AE2D4E9B7A00718268 /* Scoreboard ∞UITests.xctest */ = {isa = PBXFileReference; explicitFileType = wrapper.cfbundle; includeInIndex = 0; path = "Scoreboard ∞UITests.xctest"; sourceTree = BUILT_PRODUCTS_DIR; };
/* End PBXFileReference section */

/* Begin PBXFileSystemSynchronizedBuildFileExceptionSet section */
		441367D42D4EA70100718268 /* Exceptions for "scoreboard" folder in "Scoreboard ∞" target */ = {
			isa = PBXFileSystemSynchronizedBuildFileExceptionSet;
			membershipExceptions = (
				Info.plist,
			);
			target = 441367932D4E9B7800718268 /* Scoreboard ∞ */;
		};
/* End PBXFileSystemSynchronizedBuildFileExceptionSet section */

/* Begin PBXFileSystemSynchronizedRootGroup section */
		441367962D4E9B7800718268 /* scoreboard */ = {
			isa = PBXFileSystemSynchronizedRootGroup;
			exceptions = (
				441367D42D4EA70100718268 /* Exceptions for "scoreboard" folder in "Scoreboard ∞" target */,
			);
			path = scoreboard;
			sourceTree = "<group>";
		};
		441367A72D4E9B7A00718268 /* scoreboardTests */ = {
			isa = PBXFileSystemSynchronizedRootGroup;
			path = scoreboardTests;
			sourceTree = "<group>";
		};
		441367B12D4E9B7A00718268 /* scoreboardUITests */ = {
			isa = PBXFileSystemSynchronizedRootGroup;
			path = scoreboardUITests;
			sourceTree = "<group>";
		};
/* End PBXFileSystemSynchronizedRootGroup section */

/* Begin PBXFrameworksBuildPhase section */
		441367912D4E9B7800718268 /* Frameworks */ = {
			isa = PBXFrameworksBuildPhase;
			buildActionMask = 2147483647;
			files = (
			);
			runOnlyForDeploymentPostprocessing = 0;
		};
		441367A12D4E9B7A00718268 /* Frameworks */ = {
			isa = PBXFrameworksBuildPhase;
			buildActionMask = 2147483647;
			files = (
			);
			runOnlyForDeploymentPostprocessing = 0;
		};
		441367AB2D4E9B7A00718268 /* Frameworks */ = {
			isa = PBXFrameworksBuildPhase;
			buildActionMask = 2147483647;
			files = (
			);
			runOnlyForDeploymentPostprocessing = 0;
		};
/* End PBXFrameworksBuildPhase section */

/* Begin PBXGroup section */
		4413678B2D4E9B7800718268 = {
			isa = PBXGroup;
			children = (
				441367962D4E9B7800718268 /* scoreboard */,
				441367A72D4E9B7A00718268 /* scoreboardTests */,
				441367B12D4E9B7A00718268 /* scoreboardUITests */,
				441367952D4E9B7800718268 /* Products */,
			);
			sourceTree = "<group>";
		};
		441367952D4E9B7800718268 /* Products */ = {
			isa = PBXGroup;
			children = (
				441367942D4E9B7800718268 /* Scoreboard ∞.app */,
				441367A42D4E9B7A00718268 /* Scoreboard ∞Tests.xctest */,
				441367AE2D4E9B7A00718268 /* Scoreboard ∞UITests.xctest */,
			);
			name = Products;
			sourceTree = "<group>";
		};
/* End PBXGroup section */

/* Begin PBXNativeTarget section */
		441367932D4E9B7800718268 /* Scoreboard ∞ */ = {
			isa = PBXNativeTarget;
			buildConfigurationList = 441367B82D4E9B7A00718268 /* Build configuration list for PBXNativeTarget "Scoreboard ∞" */;
			buildPhases = (
				441367902D4E9B7800718268 /* Sources */,
				441367912D4E9B7800718268 /* Frameworks */,
				441367922D4E9B7800718268 /* Resources */,
			);
			buildRules = (
			);
			dependencies = (
			);
			fileSystemSynchronizedGroups = (
				441367962D4E9B7800718268 /* scoreboard */,
			);
			name = "Scoreboard ∞";
			packageProductDependencies = (
			);
			productName = scoreboard;
			productReference = 441367942D4E9B7800718268 /* Scoreboard ∞.app */;
			productType = "com.apple.product-type.application";
		};
		441367A32D4E9B7A00718268 /* Scoreboard ∞Tests */ = {
			isa = PBXNativeTarget;
			buildConfigurationList = 441367BB2D4E9B7A00718268 /* Build configuration list for PBXNativeTarget "Scoreboard ∞Tests" */;
			buildPhases = (
				441367A02D4E9B7A00718268 /* Sources */,
				441367A12D4E9B7A00718268 /* Frameworks */,
				441367A22D4E9B7A00718268 /* Resources */,
			);
			buildRules = (
			);
			dependencies = (
				441367A62D4E9B7A00718268 /* PBXTargetDependency */,
			);
			fileSystemSynchronizedGroups = (
				441367A72D4E9B7A00718268 /* scoreboardTests */,
			);
			name = "Scoreboard ∞Tests";
			packageProductDependencies = (
			);
			productName = scoreboardTests;
			productReference = 441367A42D4E9B7A00718268 /* Scoreboard ∞Tests.xctest */;
			productType = "com.apple.product-type.bundle.unit-test";
		};
		441367AD2D4E9B7A00718268 /* Scoreboard ∞UITests */ = {
			isa = PBXNativeTarget;
			buildConfigurationList = 441367BE2D4E9B7A00718268 /* Build configuration list for PBXNativeTarget "Scoreboard ∞UITests" */;
			buildPhases = (
				441367AA2D4E9B7A00718268 /* Sources */,
				441367AB2D4E9B7A00718268 /* Frameworks */,
				441367AC2D4E9B7A00718268 /* Resources */,
			);
			buildRules = (
			);
			dependencies = (
				441367B02D4E9B7A00718268 /* PBXTargetDependency */,
			);
			fileSystemSynchronizedGroups = (
				441367B12D4E9B7A00718268 /* scoreboardUITests */,
			);
			name = "Scoreboard ∞UITests";
			packageProductDependencies = (
			);
			productName = scoreboardUITests;
			productReference = 441367AE2D4E9B7A00718268 /* Scoreboard ∞UITests.xctest */;
			productType = "com.apple.product-type.bundle.ui-testing";
		};
/* End PBXNativeTarget section */

/* Begin PBXProject section */
		4413678C2D4E9B7800718268 /* Project object */ = {
			isa = PBXProject;
			attributes = {
				BuildIndependentTargetsInParallel = 1;
				LastSwiftUpdateCheck = 1620;
				LastUpgradeCheck = 1620;
				TargetAttributes = {
					441367932D4E9B7800718268 = {
						CreatedOnToolsVersion = 16.2;
					};
					441367A32D4E9B7A00718268 = {
						CreatedOnToolsVersion = 16.2;
						TestTargetID = 441367932D4E9B7800718268;
					};
					441367AD2D4E9B7A00718268 = {
						CreatedOnToolsVersion = 16.2;
						TestTargetID = 441367932D4E9B7800718268;
					};
				};
			};
			buildConfigurationList = 4413678F2D4E9B7800718268 /* Build configuration list for PBXProject "Scoreboard ∞" */;
			developmentRegion = en;
			hasScannedForEncodings = 0;
			knownRegions = (
				en,
				Base,
			);
			mainGroup = 4413678B2D4E9B7800718268;
			minimizedProjectReferenceProxies = 1;
			preferredProjectObjectVersion = 77;
			productRefGroup = 441367952D4E9B7800718268 /* Products */;
			projectDirPath = "";
			projectRoot = "";
			targets = (
				441367932D4E9B7800718268 /* Scoreboard ∞ */,
				441367A32D4E9B7A00718268 /* Scoreboard ∞Tests */,
				441367AD2D4E9B7A00718268 /* Scoreboard ∞UITests */,
			);
		};
/* End PBXProject section */

/* Begin PBXResourcesBuildPhase section */
		441367922D4E9B7800718268 /* Resources */ = {
			isa = PBXResourcesBuildPhase;
			buildActionMask = 2147483647;
			files = (
			);
			runOnlyForDeploymentPostprocessing = 0;
		};
		441367A22D4E9B7A00718268 /* Resources */ = {
			isa = PBXResourcesBuildPhase;
			buildActionMask = 2147483647;
			files = (
			);
			runOnlyForDeploymentPostprocessing = 0;
		};
		441367AC2D4E9B7A00718268 /* Resources */ = {
			isa = PBXResourcesBuildPhase;
			buildActionMask = 2147483647;
			files = (
			);
			runOnlyForDeploymentPostprocessing = 0;
		};
/* End PBXResourcesBuildPhase section */

/* Begin PBXSourcesBuildPhase section */
		441367902D4E9B7800718268 /* Sources */ = {
			isa = PBXSourcesBuildPhase;
			buildActionMask = 2147483647;
			files = (
			);
			runOnlyForDeploymentPostprocessing = 0;
		};
		441367A02D4E9B7A00718268 /* Sources */ = {
			isa = PBXSourcesBuildPhase;
			buildActionMask = 2147483647;
			files = (
			);
			runOnlyForDeploymentPostprocessing = 0;
		};
		441367AA2D4E9B7A00718268 /* Sources */ = {
			isa = PBXSourcesBuildPhase;
			buildActionMask = 2147483647;
			files = (
			);
			runOnlyForDeploymentPostprocessing = 0;
		};
/* End PBXSourcesBuildPhase section */

/* Begin PBXTargetDependency section */
		441367A62D4E9B7A00718268 /* PBXTargetDependency */ = {
			isa = PBXTargetDependency;
			target = 441367932D4E9B7800718268 /* Scoreboard ∞ */;
			targetProxy = 441367A52D4E9B7A00718268 /* PBXContainerItemProxy */;
		};
		441367B02D4E9B7A00718268 /* PBXTargetDependency */ = {
			isa = PBXTargetDependency;
			target = 441367932D4E9B7800718268 /* Scoreboard ∞ */;
			targetProxy = 441367AF2D4E9B7A00718268 /* PBXContainerItemProxy */;
		};
/* End PBXTargetDependency section */

/* Begin XCBuildConfiguration section */
		441367B62D4E9B7A00718268 /* Debug */ = {
			isa = XCBuildConfiguration;
			buildSettings = {
				ALWAYS_SEARCH_USER_PATHS = NO;
				ASSETCATALOG_COMPILER_GENERATE_SWIFT_ASSET_SYMBOL_EXTENSIONS = YES;
				CLANG_ANALYZER_NONNULL = YES;
				CLANG_ANALYZER_NUMBER_OBJECT_CONVERSION = YES_AGGRESSIVE;
				CLANG_CXX_LANGUAGE_STANDARD = "gnu++20";
				CLANG_ENABLE_MODULES = YES;
				CLANG_ENABLE_OBJC_ARC = YES;
				CLANG_ENABLE_OBJC_WEAK = YES;
				CLANG_WARN_BLOCK_CAPTURE_AUTORELEASING = YES;
				CLANG_WARN_BOOL_CONVERSION = YES;
				CLANG_WARN_COMMA = YES;
				CLANG_WARN_CONSTANT_CONVERSION = YES;
				CLANG_WARN_DEPRECATED_OBJC_IMPLEMENTATIONS = YES;
				CLANG_WARN_DIRECT_OBJC_ISA_USAGE = YES_ERROR;
				CLANG_WARN_DOCUMENTATION_COMMENTS = YES;
				CLANG_WARN_EMPTY_BODY = YES;
				CLANG_WARN_ENUM_CONVERSION = YES;
				CLANG_WARN_INFINITE_RECURSION = YES;
				CLANG_WARN_INT_CONVERSION = YES;
				CLANG_WARN_NON_LITERAL_NULL_CONVERSION = YES;
				CLANG_WARN_OBJC_IMPLICIT_RETAIN_SELF = YES;
				CLANG_WARN_OBJC_LITERAL_CONVERSION = YES;
				CLANG_WARN_OBJC_ROOT_CLASS = YES_ERROR;
				CLANG_WARN_QUOTED_INCLUDE_IN_FRAMEWORK_HEADER = YES;
				CLANG_WARN_RANGE_LOOP_ANALYSIS = YES;
				CLANG_WARN_STRICT_PROTOTYPES = YES;
				CLANG_WARN_SUSPICIOUS_MOVE = YES;
				CLANG_WARN_UNGUARDED_AVAILABILITY = YES_AGGRESSIVE;
				CLANG_WARN_UNREACHABLE_CODE = YES;
				CLANG_WARN__DUPLICATE_METHOD_MATCH = YES;
				COPY_PHASE_STRIP = NO;
				DEBUG_INFORMATION_FORMAT = dwarf;
				ENABLE_STRICT_OBJC_MSGSEND = YES;
				ENABLE_TESTABILITY = YES;
				ENABLE_USER_SCRIPT_SANDBOXING = YES;
				GCC_C_LANGUAGE_STANDARD = gnu17;
				GCC_DYNAMIC_NO_PIC = NO;
				GCC_NO_COMMON_BLOCKS = YES;
				GCC_OPTIMIZATION_LEVEL = 0;
				GCC_PREPROCESSOR_DEFINITIONS = (
					"DEBUG=1",
					"$(inherited)",
				);
				GCC_WARN_64_TO_32_BIT_CONVERSION = YES;
				GCC_WARN_ABOUT_RETURN_TYPE = YES_ERROR;
				GCC_WARN_UNDECLARED_SELECTOR = YES;
				GCC_WARN_UNINITIALIZED_AUTOS = YES_AGGRESSIVE;
				GCC_WARN_UNUSED_FUNCTION = YES;
				GCC_WARN_UNUSED_VARIABLE = YES;
				IPHONEOS_DEPLOYMENT_TARGET = 18.2;
				LOCALIZATION_PREFERS_STRING_CATALOGS = YES;
				MTL_ENABLE_DEBUG_INFO = INCLUDE_SOURCE;
				MTL_FAST_MATH = YES;
				ONLY_ACTIVE_ARCH = YES;
				SDKROOT = iphoneos;
				SWIFT_ACTIVE_COMPILATION_CONDITIONS = "DEBUG $(inherited)";
				SWIFT_OPTIMIZATION_LEVEL = "-Onone";
			};
			name = Debug;
		};
		441367B72D4E9B7A00718268 /* Release */ = {
			isa = XCBuildConfiguration;
			buildSettings = {
				ALWAYS_SEARCH_USER_PATHS = NO;
				ASSETCATALOG_COMPILER_GENERATE_SWIFT_ASSET_SYMBOL_EXTENSIONS = YES;
				CLANG_ANALYZER_NONNULL = YES;
				CLANG_ANALYZER_NUMBER_OBJECT_CONVERSION = YES_AGGRESSIVE;
				CLANG_CXX_LANGUAGE_STANDARD = "gnu++20";
				CLANG_ENABLE_MODULES = YES;
				CLANG_ENABLE_OBJC_ARC = YES;
				CLANG_ENABLE_OBJC_WEAK = YES;
				CLANG_WARN_BLOCK_CAPTURE_AUTORELEASING = YES;
				CLANG_WARN_BOOL_CONVERSION = YES;
				CLANG_WARN_COMMA = YES;
				CLANG_WARN_CONSTANT_CONVERSION = YES;
				CLANG_WARN_DEPRECATED_OBJC_IMPLEMENTATIONS = YES;
				CLANG_WARN_DIRECT_OBJC_ISA_USAGE = YES_ERROR;
				CLANG_WARN_DOCUMENTATION_COMMENTS = YES;
				CLANG_WARN_EMPTY_BODY = YES;
				CLANG_WARN_ENUM_CONVERSION = YES;
				CLANG_WARN_INFINITE_RECURSION = YES;
				CLANG_WARN_INT_CONVERSION = YES;
				CLANG_WARN_NON_LITERAL_NULL_CONVERSION = YES;
				CLANG_WARN_OBJC_IMPLICIT_RETAIN_SELF = YES;
				CLANG_WARN_OBJC_LITERAL_CONVERSION = YES;
				CLANG_WARN_OBJC_ROOT_CLASS = YES_ERROR;
				CLANG_WARN_QUOTED_INCLUDE_IN_FRAMEWORK_HEADER = YES;
				CLANG_WARN_RANGE_LOOP_ANALYSIS = YES;
				CLANG_WARN_STRICT_PROTOTYPES = YES;
				CLANG_WARN_SUSPICIOUS_MOVE = YES;
				CLANG_WARN_UNGUARDED_AVAILABILITY = YES_AGGRESSIVE;
				CLANG_WARN_UNREACHABLE_CODE = YES;
				CLANG_WARN__DUPLICATE_METHOD_MATCH = YES;
				COPY_PHASE_STRIP = NO;
				DEBUG_INFORMATION_FORMAT = "dwarf-with-dsym";
				ENABLE_NS_ASSERTIONS = NO;
				ENABLE_STRICT_OBJC_MSGSEND = YES;
				ENABLE_USER_SCRIPT_SANDBOXING = YES;
				GCC_C_LANGUAGE_STANDARD = gnu17;
				GCC_NO_COMMON_BLOCKS = YES;
				GCC_WARN_64_TO_32_BIT_CONVERSION = YES;
				GCC_WARN_ABOUT_RETURN_TYPE = YES_ERROR;
				GCC_WARN_UNDECLARED_SELECTOR = YES;
				GCC_WARN_UNINITIALIZED_AUTOS = YES_AGGRESSIVE;
				GCC_WARN_UNUSED_FUNCTION = YES;
				GCC_WARN_UNUSED_VARIABLE = YES;
				IPHONEOS_DEPLOYMENT_TARGET = 18.2;
				LOCALIZATION_PREFERS_STRING_CATALOGS = YES;
				MTL_ENABLE_DEBUG_INFO = NO;
				MTL_FAST_MATH = YES;
				SDKROOT = iphoneos;
				SWIFT_COMPILATION_MODE = wholemodule;
				VALIDATE_PRODUCT = YES;
			};
			name = Release;
		};
		441367B92D4E9B7A00718268 /* Debug */ = {
			isa = XCBuildConfiguration;
			buildSettings = {
				ASSETCATALOG_COMPILER_APPICON_NAME = AppIcon;
				ASSETCATALOG_COMPILER_GLOBAL_ACCENT_COLOR_NAME = AccentColor;
				CODE_SIGN_IDENTITY = "Apple Development";
				CODE_SIGN_STYLE = Automatic;
				CURRENT_PROJECT_VERSION = 1;
				DEVELOPMENT_ASSET_PATHS = "\"scoreboard/Preview Content\"";
				DEVELOPMENT_TEAM = 89UA2EE4W2;
				ENABLE_PREVIEWS = YES;
				GENERATE_INFOPLIST_FILE = YES;
				INFOPLIST_FILE = scoreboard/Info.plist;
				INFOPLIST_KEY_UIApplicationSceneManifest_Generation = YES;
				INFOPLIST_KEY_UIApplicationSupportsIndirectInputEvents = YES;
				INFOPLIST_KEY_UILaunchScreen_Generation = YES;
				INFOPLIST_KEY_UISupportedInterfaceOrientations_iPad = "UIInterfaceOrientationPortrait UIInterfaceOrientationPortraitUpsideDown UIInterfaceOrientationLandscapeLeft UIInterfaceOrientationLandscapeRight";
				INFOPLIST_KEY_UISupportedInterfaceOrientations_iPhone = "UIInterfaceOrientationPortrait UIInterfaceOrientationLandscapeLeft UIInterfaceOrientationLandscapeRight";
				LD_RUNPATH_SEARCH_PATHS = (
					"$(inherited)",
					"@executable_path/Frameworks",
				);
				MARKETING_VERSION = 1.0;
				PRODUCT_BUNDLE_IDENTIFIER = com.craigsheppard.scoreboard;
				PRODUCT_NAME = "$(TARGET_NAME)";
				PROVISIONING_PROFILE_SPECIFIER = "";
				SWIFT_EMIT_LOC_STRINGS = YES;
				SWIFT_VERSION = 5.0;
				TARGETED_DEVICE_FAMILY = "1,2";
			};
			name = Debug;
		};
		441367BA2D4E9B7A00718268 /* Release */ = {
			isa = XCBuildConfiguration;
			buildSettings = {
				ASSETCATALOG_COMPILER_APPICON_NAME = AppIcon;
				ASSETCATALOG_COMPILER_GLOBAL_ACCENT_COLOR_NAME = AccentColor;
				CODE_SIGN_IDENTITY = "Apple Development";
				CODE_SIGN_STYLE = Automatic;
				CURRENT_PROJECT_VERSION = 1;
				DEVELOPMENT_ASSET_PATHS = "\"scoreboard/Preview Content\"";
				DEVELOPMENT_TEAM = 89UA2EE4W2;
				ENABLE_PREVIEWS = YES;
				GENERATE_INFOPLIST_FILE = YES;
				INFOPLIST_FILE = scoreboard/Info.plist;
				INFOPLIST_KEY_UIApplicationSceneManifest_Generation = YES;
				INFOPLIST_KEY_UIApplicationSupportsIndirectInputEvents = YES;
				INFOPLIST_KEY_UILaunchScreen_Generation = YES;
				INFOPLIST_KEY_UISupportedInterfaceOrientations_iPad = "UIInterfaceOrientationPortrait UIInterfaceOrientationPortraitUpsideDown UIInterfaceOrientationLandscapeLeft UIInterfaceOrientationLandscapeRight";
				INFOPLIST_KEY_UISupportedInterfaceOrientations_iPhone = "UIInterfaceOrientationPortrait UIInterfaceOrientationLandscapeLeft UIInterfaceOrientationLandscapeRight";
				LD_RUNPATH_SEARCH_PATHS = (
					"$(inherited)",
					"@executable_path/Frameworks",
				);
				MARKETING_VERSION = 1.0;
				PRODUCT_BUNDLE_IDENTIFIER = com.craigsheppard.scoreboard;
				PRODUCT_NAME = "$(TARGET_NAME)";
				PROVISIONING_PROFILE_SPECIFIER = "";
				SWIFT_EMIT_LOC_STRINGS = YES;
				SWIFT_VERSION = 5.0;
				TARGETED_DEVICE_FAMILY = "1,2";
			};
			name = Release;
		};
		441367BC2D4E9B7A00718268 /* Debug */ = {
			isa = XCBuildConfiguration;
			buildSettings = {
				BUNDLE_LOADER = "$(TEST_HOST)";
				CODE_SIGN_STYLE = Automatic;
				CURRENT_PROJECT_VERSION = 1;
				DEVELOPMENT_TEAM = 85W7TU2U9Y;
				GENERATE_INFOPLIST_FILE = YES;
				IPHONEOS_DEPLOYMENT_TARGET = 18.2;
				MARKETING_VERSION = 1.0;
				PRODUCT_BUNDLE_IDENTIFIER = com.craigsheppard.scoreboardTests;
				PRODUCT_NAME = "$(TARGET_NAME)";
				SWIFT_EMIT_LOC_STRINGS = NO;
				SWIFT_VERSION = 5.0;
				TARGETED_DEVICE_FAMILY = "1,2";
				TEST_HOST = "$(BUILT_PRODUCTS_DIR)/Scoreboard ∞.app/$(BUNDLE_EXECUTABLE_FOLDER_PATH)/Scoreboard ∞";
			};
			name = Debug;
		};
		441367BD2D4E9B7A00718268 /* Release */ = {
			isa = XCBuildConfiguration;
			buildSettings = {
				BUNDLE_LOADER = "$(TEST_HOST)";
				CODE_SIGN_STYLE = Automatic;
				CURRENT_PROJECT_VERSION = 1;
				DEVELOPMENT_TEAM = 85W7TU2U9Y;
				GENERATE_INFOPLIST_FILE = YES;
				IPHONEOS_DEPLOYMENT_TARGET = 18.2;
				MARKETING_VERSION = 1.0;
				PRODUCT_BUNDLE_IDENTIFIER = com.craigsheppard.scoreboardTests;
				PRODUCT_NAME = "$(TARGET_NAME)";
				SWIFT_EMIT_LOC_STRINGS = NO;
				SWIFT_VERSION = 5.0;
				TARGETED_DEVICE_FAMILY = "1,2";
				TEST_HOST = "$(BUILT_PRODUCTS_DIR)/Scoreboard ∞.app/$(BUNDLE_EXECUTABLE_FOLDER_PATH)/Scoreboard ∞";
			};
			name = Release;
		};
		441367BF2D4E9B7A00718268 /* Debug */ = {
			isa = XCBuildConfiguration;
			buildSettings = {
				CODE_SIGN_STYLE = Automatic;
				CURRENT_PROJECT_VERSION = 1;
				DEVELOPMENT_TEAM = 85W7TU2U9Y;
				GENERATE_INFOPLIST_FILE = YES;
				MARKETING_VERSION = 1.0;
				PRODUCT_BUNDLE_IDENTIFIER = com.craigsheppard.scoreboardUITests;
				PRODUCT_NAME = "$(TARGET_NAME)";
				SWIFT_EMIT_LOC_STRINGS = NO;
				SWIFT_VERSION = 5.0;
				TARGETED_DEVICE_FAMILY = "1,2";
				TEST_TARGET_NAME = scoreboard;
			};
			name = Debug;
		};
		441367C02D4E9B7A00718268 /* Release */ = {
			isa = XCBuildConfiguration;
			buildSettings = {
				CODE_SIGN_STYLE = Automatic;
				CURRENT_PROJECT_VERSION = 1;
				DEVELOPMENT_TEAM = 85W7TU2U9Y;
				GENERATE_INFOPLIST_FILE = YES;
				MARKETING_VERSION = 1.0;
				PRODUCT_BUNDLE_IDENTIFIER = com.craigsheppard.scoreboardUITests;
				PRODUCT_NAME = "$(TARGET_NAME)";
				SWIFT_EMIT_LOC_STRINGS = NO;
				SWIFT_VERSION = 5.0;
				TARGETED_DEVICE_FAMILY = "1,2";
				TEST_TARGET_NAME = scoreboard;
			};
			name = Release;
		};
/* End XCBuildConfiguration section */

/* Begin XCConfigurationList section */
		4413678F2D4E9B7800718268 /* Build configuration list for PBXProject "Scoreboard ∞" */ = {
			isa = XCConfigurationList;
			buildConfigurations = (
				441367B62D4E9B7A00718268 /* Debug */,
				441367B72D4E9B7A00718268 /* Release */,
			);
			defaultConfigurationIsVisible = 0;
			defaultConfigurationName = Release;
		};
		441367B82D4E9B7A00718268 /* Build configuration list for PBXNativeTarget "Scoreboard ∞" */ = {
			isa = XCConfigurationList;
			buildConfigurations = (
				441367B92D4E9B7A00718268 /* Debug */,
				441367BA2D4E9B7A00718268 /* Release */,
			);
			defaultConfigurationIsVisible = 0;
			defaultConfigurationName = Release;
		};
		441367BB2D4E9B7A00718268 /* Build configuration list for PBXNativeTarget "Scoreboard ∞Tests" */ = {
			isa = XCConfigurationList;
			buildConfigurations = (
				441367BC2D4E9B7A00718268 /* Debug */,
				441367BD2D4E9B7A00718268 /* Release */,
			);
			defaultConfigurationIsVisible = 0;
			defaultConfigurationName = Release;
		};
		441367BE2D4E9B7A00718268 /* Build configuration list for PBXNativeTarget "Scoreboard ∞UITests" */ = {
			isa = XCConfigurationList;
			buildConfigurations = (
				441367BF2D4E9B7A00718268 /* Debug */,
				441367C02D4E9B7A00718268 /* Release */,
			);
			defaultConfigurationIsVisible = 0;
			defaultConfigurationName = Release;
		};
/* End XCConfigurationList section */
	};
	rootObject = 4413678C2D4E9B7800718268 /* Project object */;
}
